// !$*UTF8*$!
{
	archiveVersion = 1;
	classes = {
	};
	objectVersion = 50;
	objects = {

/* Begin PBXBuildFile section */
		499EC3F1223F8E5C00082423 /* AppDelegate.m in Sources */ = {isa = PBXBuildFile; fileRef = 499EC3F0223F8E5C00082423 /* AppDelegate.m */; };
		499EC3F4223F8E5C00082423 /* ViewController.m in Sources */ = {isa = PBXBuildFile; fileRef = 499EC3F3223F8E5C00082423 /* ViewController.m */; };
		499EC3F6223F8E5D00082423 /* Assets.xcassets in Resources */ = {isa = PBXBuildFile; fileRef = 499EC3F5223F8E5D00082423 /* Assets.xcassets */; };
		499EC3F9223F8E5D00082423 /* Main.storyboard in Resources */ = {isa = PBXBuildFile; fileRef = 499EC3F7223F8E5D00082423 /* Main.storyboard */; };
		499EC3FC223F8E5D00082423 /* main.m in Sources */ = {isa = PBXBuildFile; fileRef = 499EC3FB223F8E5D00082423 /* main.m */; };
		499EC407223F8E5D00082423 /* decodeStrTests.m in Sources */ = {isa = PBXBuildFile; fileRef = 499EC406223F8E5D00082423 /* decodeStrTests.m */; };
		499EC412223F8E5D00082423 /* decodeStrUITests.m in Sources */ = {isa = PBXBuildFile; fileRef = 499EC411223F8E5D00082423 /* decodeStrUITests.m */; };
		499EC421223F908400082423 /* NSString+URLEncode.m in Sources */ = {isa = PBXBuildFile; fileRef = 499EC420223F908400082423 /* NSString+URLEncode.m */; };
/* End PBXBuildFile section */

/* Begin PBXContainerItemProxy section */
		499EC403223F8E5D00082423 /* PBXContainerItemProxy */ = {
			isa = PBXContainerItemProxy;
			containerPortal = 499EC3E4223F8E5C00082423 /* Project object */;
			proxyType = 1;
			remoteGlobalIDString = 499EC3EB223F8E5C00082423;
			remoteInfo = decodeStr;
		};
		499EC40E223F8E5D00082423 /* PBXContainerItemProxy */ = {
			isa = PBXContainerItemProxy;
			containerPortal = 499EC3E4223F8E5C00082423 /* Project object */;
			proxyType = 1;
			remoteGlobalIDString = 499EC3EB223F8E5C00082423;
			remoteInfo = decodeStr;
		};
/* End PBXContainerItemProxy section */

/* Begin PBXFileReference section */
		499EC3EC223F8E5C00082423 /* decodeStr.app */ = {isa = PBXFileReference; explicitFileType = wrapper.application; includeInIndex = 0; path = decodeStr.app; sourceTree = BUILT_PRODUCTS_DIR; };
		499EC3EF223F8E5C00082423 /* AppDelegate.h */ = {isa = PBXFileReference; lastKnownFileType = sourcecode.c.h; path = AppDelegate.h; sourceTree = "<group>"; };
		499EC3F0223F8E5C00082423 /* AppDelegate.m */ = {isa = PBXFileReference; lastKnownFileType = sourcecode.c.objc; path = AppDelegate.m; sourceTree = "<group>"; };
		499EC3F2223F8E5C00082423 /* ViewController.h */ = {isa = PBXFileReference; lastKnownFileType = sourcecode.c.h; path = ViewController.h; sourceTree = "<group>"; };
		499EC3F3223F8E5C00082423 /* ViewController.m */ = {isa = PBXFileReference; lastKnownFileType = sourcecode.c.objc; path = ViewController.m; sourceTree = "<group>"; };
		499EC3F5223F8E5D00082423 /* Assets.xcassets */ = {isa = PBXFileReference; lastKnownFileType = folder.assetcatalog; path = Assets.xcassets; sourceTree = "<group>"; };
		499EC3F8223F8E5D00082423 /* Base */ = {isa = PBXFileReference; lastKnownFileType = file.storyboard; name = Base; path = Base.lproj/Main.storyboard; sourceTree = "<group>"; };
		499EC3FA223F8E5D00082423 /* Info.plist */ = {isa = PBXFileReference; lastKnownFileType = text.plist.xml; path = Info.plist; sourceTree = "<group>"; };
		499EC3FB223F8E5D00082423 /* main.m */ = {isa = PBXFileReference; lastKnownFileType = sourcecode.c.objc; path = main.m; sourceTree = "<group>"; };
		499EC3FD223F8E5D00082423 /* decodeStr.entitlements */ = {isa = PBXFileReference; lastKnownFileType = text.plist.entitlements; path = decodeStr.entitlements; sourceTree = "<group>"; };
		499EC402223F8E5D00082423 /* decodeStrTests.xctest */ = {isa = PBXFileReference; explicitFileType = wrapper.cfbundle; includeInIndex = 0; path = decodeStrTests.xctest; sourceTree = BUILT_PRODUCTS_DIR; };
		499EC406223F8E5D00082423 /* decodeStrTests.m */ = {isa = PBXFileReference; lastKnownFileType = sourcecode.c.objc; path = decodeStrTests.m; sourceTree = "<group>"; };
		499EC408223F8E5D00082423 /* Info.plist */ = {isa = PBXFileReference; lastKnownFileType = text.plist.xml; path = Info.plist; sourceTree = "<group>"; };
		499EC40D223F8E5D00082423 /* decodeStrUITests.xctest */ = {isa = PBXFileReference; explicitFileType = wrapper.cfbundle; includeInIndex = 0; path = decodeStrUITests.xctest; sourceTree = BUILT_PRODUCTS_DIR; };
		499EC411223F8E5D00082423 /* decodeStrUITests.m */ = {isa = PBXFileReference; lastKnownFileType = sourcecode.c.objc; path = decodeStrUITests.m; sourceTree = "<group>"; };
		499EC413223F8E5D00082423 /* Info.plist */ = {isa = PBXFileReference; lastKnownFileType = text.plist.xml; path = Info.plist; sourceTree = "<group>"; };
		499EC41F223F908400082423 /* NSString+URLEncode.h */ = {isa = PBXFileReference; fileEncoding = 4; lastKnownFileType = sourcecode.c.h; path = "NSString+URLEncode.h"; sourceTree = "<group>"; };
		499EC420223F908400082423 /* NSString+URLEncode.m */ = {isa = PBXFileReference; fileEncoding = 4; lastKnownFileType = sourcecode.c.objc; path = "NSString+URLEncode.m"; sourceTree = "<group>"; };
/* End PBXFileReference section */

/* Begin PBXFrameworksBuildPhase section */
		499EC3E9223F8E5C00082423 /* Frameworks */ = {
			isa = PBXFrameworksBuildPhase;
			buildActionMask = 2147483647;
			files = (
			);
			runOnlyForDeploymentPostprocessing = 0;
		};
		499EC3FF223F8E5D00082423 /* Frameworks */ = {
			isa = PBXFrameworksBuildPhase;
			buildActionMask = 2147483647;
			files = (
			);
			runOnlyForDeploymentPostprocessing = 0;
		};
		499EC40A223F8E5D00082423 /* Frameworks */ = {
			isa = PBXFrameworksBuildPhase;
			buildActionMask = 2147483647;
			files = (
			);
			runOnlyForDeploymentPostprocessing = 0;
		};
/* End PBXFrameworksBuildPhase section */

/* Begin PBXGroup section */
		499EC3E3223F8E5C00082423 = {
			isa = PBXGroup;
			children = (
				499EC3EE223F8E5C00082423 /* decodeStr */,
				499EC405223F8E5D00082423 /* decodeStrTests */,
				499EC410223F8E5D00082423 /* decodeStrUITests */,
				499EC3ED223F8E5C00082423 /* Products */,
			);
			sourceTree = "<group>";
		};
		499EC3ED223F8E5C00082423 /* Products */ = {
			isa = PBXGroup;
			children = (
				499EC3EC223F8E5C00082423 /* decodeStr.app */,
				499EC402223F8E5D00082423 /* decodeStrTests.xctest */,
				499EC40D223F8E5D00082423 /* decodeStrUITests.xctest */,
			);
			name = Products;
			sourceTree = "<group>";
		};
		499EC3EE223F8E5C00082423 /* decodeStr */ = {
			isa = PBXGroup;
			children = (
				499EC3EF223F8E5C00082423 /* AppDelegate.h */,
				499EC3F0223F8E5C00082423 /* AppDelegate.m */,
				499EC3F2223F8E5C00082423 /* ViewController.h */,
				499EC3F3223F8E5C00082423 /* ViewController.m */,
				499EC41F223F908400082423 /* NSString+URLEncode.h */,
				499EC420223F908400082423 /* NSString+URLEncode.m */,
				499EC3F5223F8E5D00082423 /* Assets.xcassets */,
				499EC3F7223F8E5D00082423 /* Main.storyboard */,
				499EC3FA223F8E5D00082423 /* Info.plist */,
				499EC3FB223F8E5D00082423 /* main.m */,
				499EC3FD223F8E5D00082423 /* decodeStr.entitlements */,
			);
			path = decodeStr;
			sourceTree = "<group>";
		};
		499EC405223F8E5D00082423 /* decodeStrTests */ = {
			isa = PBXGroup;
			children = (
				499EC406223F8E5D00082423 /* decodeStrTests.m */,
				499EC408223F8E5D00082423 /* Info.plist */,
			);
			path = decodeStrTests;
			sourceTree = "<group>";
		};
		499EC410223F8E5D00082423 /* decodeStrUITests */ = {
			isa = PBXGroup;
			children = (
				499EC411223F8E5D00082423 /* decodeStrUITests.m */,
				499EC413223F8E5D00082423 /* Info.plist */,
			);
			path = decodeStrUITests;
			sourceTree = "<group>";
		};
/* End PBXGroup section */

/* Begin PBXNativeTarget section */
		499EC3EB223F8E5C00082423 /* decodeStr */ = {
			isa = PBXNativeTarget;
			buildConfigurationList = 499EC416223F8E5D00082423 /* Build configuration list for PBXNativeTarget "decodeStr" */;
			buildPhases = (
				499EC3E8223F8E5C00082423 /* Sources */,
				499EC3E9223F8E5C00082423 /* Frameworks */,
				499EC3EA223F8E5C00082423 /* Resources */,
			);
			buildRules = (
			);
			dependencies = (
			);
			name = decodeStr;
			productName = decodeStr;
			productReference = 499EC3EC223F8E5C00082423 /* decodeStr.app */;
			productType = "com.apple.product-type.application";
		};
		499EC401223F8E5D00082423 /* decodeStrTests */ = {
			isa = PBXNativeTarget;
			buildConfigurationList = 499EC419223F8E5D00082423 /* Build configuration list for PBXNativeTarget "decodeStrTests" */;
			buildPhases = (
				499EC3FE223F8E5D00082423 /* Sources */,
				499EC3FF223F8E5D00082423 /* Frameworks */,
				499EC400223F8E5D00082423 /* Resources */,
			);
			buildRules = (
			);
			dependencies = (
				499EC404223F8E5D00082423 /* PBXTargetDependency */,
			);
			name = decodeStrTests;
			productName = decodeStrTests;
			productReference = 499EC402223F8E5D00082423 /* decodeStrTests.xctest */;
			productType = "com.apple.product-type.bundle.unit-test";
		};
		499EC40C223F8E5D00082423 /* decodeStrUITests */ = {
			isa = PBXNativeTarget;
			buildConfigurationList = 499EC41C223F8E5D00082423 /* Build configuration list for PBXNativeTarget "decodeStrUITests" */;
			buildPhases = (
				499EC409223F8E5D00082423 /* Sources */,
				499EC40A223F8E5D00082423 /* Frameworks */,
				499EC40B223F8E5D00082423 /* Resources */,
			);
			buildRules = (
			);
			dependencies = (
				499EC40F223F8E5D00082423 /* PBXTargetDependency */,
			);
			name = decodeStrUITests;
			productName = decodeStrUITests;
			productReference = 499EC40D223F8E5D00082423 /* decodeStrUITests.xctest */;
			productType = "com.apple.product-type.bundle.ui-testing";
		};
/* End PBXNativeTarget section */

/* Begin PBXProject section */
		499EC3E4223F8E5C00082423 /* Project object */ = {
			isa = PBXProject;
			attributes = {
				LastUpgradeCheck = 1010;
				ORGANIZATIONNAME = "小华";
				TargetAttributes = {
					499EC3EB223F8E5C00082423 = {
						CreatedOnToolsVersion = 10.1;
					};
					499EC401223F8E5D00082423 = {
						CreatedOnToolsVersion = 10.1;
						TestTargetID = 499EC3EB223F8E5C00082423;
					};
					499EC40C223F8E5D00082423 = {
						CreatedOnToolsVersion = 10.1;
						TestTargetID = 499EC3EB223F8E5C00082423;
					};
				};
			};
			buildConfigurationList = 499EC3E7223F8E5C00082423 /* Build configuration list for PBXProject "decodeStr" */;
			compatibilityVersion = "Xcode 9.3";
			developmentRegion = en;
			hasScannedForEncodings = 0;
			knownRegions = (
				en,
				Base,
			);
			mainGroup = 499EC3E3223F8E5C00082423;
			productRefGroup = 499EC3ED223F8E5C00082423 /* Products */;
			projectDirPath = "";
			projectRoot = "";
			targets = (
				499EC3EB223F8E5C00082423 /* decodeStr */,
				499EC401223F8E5D00082423 /* decodeStrTests */,
				499EC40C223F8E5D00082423 /* decodeStrUITests */,
			);
		};
/* End PBXProject section */

/* Begin PBXResourcesBuildPhase section */
		499EC3EA223F8E5C00082423 /* Resources */ = {
			isa = PBXResourcesBuildPhase;
			buildActionMask = 2147483647;
			files = (
				499EC3F6223F8E5D00082423 /* Assets.xcassets in Resources */,
				499EC3F9223F8E5D00082423 /* Main.storyboard in Resources */,
			);
			runOnlyForDeploymentPostprocessing = 0;
		};
		499EC400223F8E5D00082423 /* Resources */ = {
			isa = PBXResourcesBuildPhase;
			buildActionMask = 2147483647;
			files = (
			);
			runOnlyForDeploymentPostprocessing = 0;
		};
		499EC40B223F8E5D00082423 /* Resources */ = {
			isa = PBXResourcesBuildPhase;
			buildActionMask = 2147483647;
			files = (
			);
			runOnlyForDeploymentPostprocessing = 0;
		};
/* End PBXResourcesBuildPhase section */

/* Begin PBXSourcesBuildPhase section */
		499EC3E8223F8E5C00082423 /* Sources */ = {
			isa = PBXSourcesBuildPhase;
			buildActionMask = 2147483647;
			files = (
				499EC3F4223F8E5C00082423 /* ViewController.m in Sources */,
				499EC3FC223F8E5D00082423 /* main.m in Sources */,
				499EC3F1223F8E5C00082423 /* AppDelegate.m in Sources */,
				499EC421223F908400082423 /* NSString+URLEncode.m in Sources */,
			);
			runOnlyForDeploymentPostprocessing = 0;
		};
		499EC3FE223F8E5D00082423 /* Sources */ = {
			isa = PBXSourcesBuildPhase;
			buildActionMask = 2147483647;
			files = (
				499EC407223F8E5D00082423 /* decodeStrTests.m in Sources */,
			);
			runOnlyForDeploymentPostprocessing = 0;
		};
		499EC409223F8E5D00082423 /* Sources */ = {
			isa = PBXSourcesBuildPhase;
			buildActionMask = 2147483647;
			files = (
				499EC412223F8E5D00082423 /* decodeStrUITests.m in Sources */,
			);
			runOnlyForDeploymentPostprocessing = 0;
		};
/* End PBXSourcesBuildPhase section */

/* Begin PBXTargetDependency section */
		499EC404223F8E5D00082423 /* PBXTargetDependency */ = {
			isa = PBXTargetDependency;
			target = 499EC3EB223F8E5C00082423 /* decodeStr */;
			targetProxy = 499EC403223F8E5D00082423 /* PBXContainerItemProxy */;
		};
		499EC40F223F8E5D00082423 /* PBXTargetDependency */ = {
			isa = PBXTargetDependency;
			target = 499EC3EB223F8E5C00082423 /* decodeStr */;
			targetProxy = 499EC40E223F8E5D00082423 /* PBXContainerItemProxy */;
		};
/* End PBXTargetDependency section */

/* Begin PBXVariantGroup section */
		499EC3F7223F8E5D00082423 /* Main.storyboard */ = {
			isa = PBXVariantGroup;
			children = (
				499EC3F8223F8E5D00082423 /* Base */,
			);
			name = Main.storyboard;
			sourceTree = "<group>";
		};
/* End PBXVariantGroup section */

/* Begin XCBuildConfiguration section */
		499EC414223F8E5D00082423 /* Debug */ = {
			isa = XCBuildConfiguration;
			buildSettings = {
				ALWAYS_SEARCH_USER_PATHS = NO;
				CLANG_ANALYZER_NONNULL = YES;
				CLANG_ANALYZER_NUMBER_OBJECT_CONVERSION = YES_AGGRESSIVE;
				CLANG_CXX_LANGUAGE_STANDARD = "gnu++14";
				CLANG_CXX_LIBRARY = "libc++";
				CLANG_ENABLE_MODULES = YES;
				CLANG_ENABLE_OBJC_ARC = YES;
				CLANG_ENABLE_OBJC_WEAK = YES;
				CLANG_WARN_BLOCK_CAPTURE_AUTORELEASING = YES;
				CLANG_WARN_BOOL_CONVERSION = YES;
				CLANG_WARN_COMMA = YES;
				CLANG_WARN_CONSTANT_CONVERSION = YES;
				CLANG_WARN_DEPRECATED_OBJC_IMPLEMENTATIONS = YES;
				CLANG_WARN_DIRECT_OBJC_ISA_USAGE = YES_ERROR;
				CLANG_WARN_DOCUMENTATION_COMMENTS = YES;
				CLANG_WARN_EMPTY_BODY = YES;
				CLANG_WARN_ENUM_CONVERSION = YES;
				CLANG_WARN_INFINITE_RECURSION = YES;
				CLANG_WARN_INT_CONVERSION = YES;
				CLANG_WARN_NON_LITERAL_NULL_CONVERSION = YES;
				CLANG_WARN_OBJC_IMPLICIT_RETAIN_SELF = YES;
				CLANG_WARN_OBJC_LITERAL_CONVERSION = YES;
				CLANG_WARN_OBJC_ROOT_CLASS = YES_ERROR;
				CLANG_WARN_RANGE_LOOP_ANALYSIS = YES;
				CLANG_WARN_STRICT_PROTOTYPES = YES;
				CLANG_WARN_SUSPICIOUS_MOVE = YES;
				CLANG_WARN_UNGUARDED_AVAILABILITY = YES_AGGRESSIVE;
				CLANG_WARN_UNREACHABLE_CODE = YES;
				CLANG_WARN__DUPLICATE_METHOD_MATCH = YES;
				CODE_SIGN_IDENTITY = "-";
				COPY_PHASE_STRIP = NO;
				DEBUG_INFORMATION_FORMAT = dwarf;
				ENABLE_STRICT_OBJC_MSGSEND = YES;
				ENABLE_TESTABILITY = YES;
				GCC_C_LANGUAGE_STANDARD = gnu11;
				GCC_DYNAMIC_NO_PIC = NO;
				GCC_NO_COMMON_BLOCKS = YES;
				GCC_OPTIMIZATION_LEVEL = 0;
				GCC_PREPROCESSOR_DEFINITIONS = (
					"DEBUG=1",
					"$(inherited)",
				);
				GCC_WARN_64_TO_32_BIT_CONVERSION = YES;
				GCC_WARN_ABOUT_RETURN_TYPE = YES_ERROR;
				GCC_WARN_UNDECLARED_SELECTOR = YES;
				GCC_WARN_UNINITIALIZED_AUTOS = YES_AGGRESSIVE;
				GCC_WARN_UNUSED_FUNCTION = YES;
				GCC_WARN_UNUSED_VARIABLE = YES;
				MACOSX_DEPLOYMENT_TARGET = 10.13;
				MTL_ENABLE_DEBUG_INFO = INCLUDE_SOURCE;
				MTL_FAST_MATH = YES;
				ONLY_ACTIVE_ARCH = YES;
				SDKROOT = macosx;
			};
			name = Debug;
		};
		499EC415223F8E5D00082423 /* Release */ = {
			isa = XCBuildConfiguration;
			buildSettings = {
				ALWAYS_SEARCH_USER_PATHS = NO;
				CLANG_ANALYZER_NONNULL = YES;
				CLANG_ANALYZER_NUMBER_OBJECT_CONVERSION = YES_AGGRESSIVE;
				CLANG_CXX_LANGUAGE_STANDARD = "gnu++14";
				CLANG_CXX_LIBRARY = "libc++";
				CLANG_ENABLE_MODULES = YES;
				CLANG_ENABLE_OBJC_ARC = YES;
				CLANG_ENABLE_OBJC_WEAK = YES;
				CLANG_WARN_BLOCK_CAPTURE_AUTORELEASING = YES;
				CLANG_WARN_BOOL_CONVERSION = YES;
				CLANG_WARN_COMMA = YES;
				CLANG_WARN_CONSTANT_CONVERSION = YES;
				CLANG_WARN_DEPRECATED_OBJC_IMPLEMENTATIONS = YES;
				CLANG_WARN_DIRECT_OBJC_ISA_USAGE = YES_ERROR;
				CLANG_WARN_DOCUMENTATION_COMMENTS = YES;
				CLANG_WARN_EMPTY_BODY = YES;
				CLANG_WARN_ENUM_CONVERSION = YES;
				CLANG_WARN_INFINITE_RECURSION = YES;
				CLANG_WARN_INT_CONVERSION = YES;
				CLANG_WARN_NON_LITERAL_NULL_CONVERSION = YES;
				CLANG_WARN_OBJC_IMPLICIT_RETAIN_SELF = YES;
				CLANG_WARN_OBJC_LITERAL_CONVERSION = YES;
				CLANG_WARN_OBJC_ROOT_CLASS = YES_ERROR;
				CLANG_WARN_RANGE_LOOP_ANALYSIS = YES;
				CLANG_WARN_STRICT_PROTOTYPES = YES;
				CLANG_WARN_SUSPICIOUS_MOVE = YES;
				CLANG_WARN_UNGUARDED_AVAILABILITY = YES_AGGRESSIVE;
				CLANG_WARN_UNREACHABLE_CODE = YES;
				CLANG_WARN__DUPLICATE_METHOD_MATCH = YES;
				CODE_SIGN_IDENTITY = "-";
				COPY_PHASE_STRIP = NO;
				DEBUG_INFORMATION_FORMAT = "dwarf-with-dsym";
				ENABLE_NS_ASSERTIONS = NO;
				ENABLE_STRICT_OBJC_MSGSEND = YES;
				GCC_C_LANGUAGE_STANDARD = gnu11;
				GCC_NO_COMMON_BLOCKS = YES;
				GCC_WARN_64_TO_32_BIT_CONVERSION = YES;
				GCC_WARN_ABOUT_RETURN_TYPE = YES_ERROR;
				GCC_WARN_UNDECLARED_SELECTOR = YES;
				GCC_WARN_UNINITIALIZED_AUTOS = YES_AGGRESSIVE;
				GCC_WARN_UNUSED_FUNCTION = YES;
				GCC_WARN_UNUSED_VARIABLE = YES;
				MACOSX_DEPLOYMENT_TARGET = 10.13;
				MTL_ENABLE_DEBUG_INFO = NO;
				MTL_FAST_MATH = YES;
				SDKROOT = macosx;
			};
			name = Release;
		};
		499EC417223F8E5D00082423 /* Debug */ = {
			isa = XCBuildConfiguration;
			buildSettings = {
				ASSETCATALOG_COMPILER_APPICON_NAME = AppIcon;
				CODE_SIGN_ENTITLEMENTS = decodeStr/decodeStr.entitlements;
				CODE_SIGN_STYLE = Automatic;
				COMBINE_HIDPI_IMAGES = YES;
				INFOPLIST_FILE = decodeStr/Info.plist;
				LD_RUNPATH_SEARCH_PATHS = (
					"$(inherited)",
					"@executable_path/../Frameworks",
				);
				PRODUCT_BUNDLE_IDENTIFIER = test.decodeStr;
				PRODUCT_NAME = "$(TARGET_NAME)";
			};
			name = Debug;
		};
		499EC418223F8E5D00082423 /* Release */ = {
			isa = XCBuildConfiguration;
			buildSettings = {
				ASSETCATALOG_COMPILER_APPICON_NAME = AppIcon;
				CODE_SIGN_ENTITLEMENTS = decodeStr/decodeStr.entitlements;
				CODE_SIGN_STYLE = Automatic;
				COMBINE_HIDPI_IMAGES = YES;
				INFOPLIST_FILE = decodeStr/Info.plist;
				LD_RUNPATH_SEARCH_PATHS = (
					"$(inherited)",
					"@executable_path/../Frameworks",
				);
				PRODUCT_BUNDLE_IDENTIFIER = test.decodeStr;
				PRODUCT_NAME = "$(TARGET_NAME)";
			};
			name = Release;
		};
		499EC41A223F8E5D00082423 /* Debug */ = {
			isa = XCBuildConfiguration;
			buildSettings = {
				BUNDLE_LOADER = "$(TEST_HOST)";
				CODE_SIGN_STYLE = Automatic;
				COMBINE_HIDPI_IMAGES = YES;
				INFOPLIST_FILE = decodeStrTests/Info.plist;
				LD_RUNPATH_SEARCH_PATHS = (
					"$(inherited)",
					"@executable_path/../Frameworks",
					"@loader_path/../Frameworks",
				);
				PRODUCT_BUNDLE_IDENTIFIER = test.decodeStrTests;
				PRODUCT_NAME = "$(TARGET_NAME)";
				TEST_HOST = "$(BUILT_PRODUCTS_DIR)/decodeStr.app/Contents/MacOS/decodeStr";
			};
			name = Debug;
		};
		499EC41B223F8E5D00082423 /* Release */ = {
			isa = XCBuildConfiguration;
			buildSettings = {
				BUNDLE_LOADER = "$(TEST_HOST)";
				CODE_SIGN_STYLE = Automatic;
				COMBINE_HIDPI_IMAGES = YES;
				INFOPLIST_FILE = decodeStrTests/Info.plist;
				LD_RUNPATH_SEARCH_PATHS = (
					"$(inherited)",
					"@executable_path/../Frameworks",
					"@loader_path/../Frameworks",
				);
				PRODUCT_BUNDLE_IDENTIFIER = test.decodeStrTests;
				PRODUCT_NAME = "$(TARGET_NAME)";
				TEST_HOST = "$(BUILT_PRODUCTS_DIR)/decodeStr.app/Contents/MacOS/decodeStr";
			};
			name = Release;
		};
		499EC41D223F8E5D00082423 /* Debug */ = {
			isa = XCBuildConfiguration;
			buildSettings = {
				CODE_SIGN_STYLE = Automatic;
				COMBINE_HIDPI_IMAGES = YES;
				INFOPLIST_FILE = decodeStrUITests/Info.plist;
				LD_RUNPATH_SEARCH_PATHS = (
					"$(inherited)",
					"@executable_path/../Frameworks",
					"@loader_path/../Frameworks",
				);
				PRODUCT_BUNDLE_IDENTIFIER = test.decodeStrUITests;
				PRODUCT_NAME = "$(TARGET_NAME)";
				TEST_TARGET_NAME = decodeStr;
			};
			name = Debug;
		};
		499EC41E223F8E5D00082423 /* Release */ = {
			isa = XCBuildConfiguration;
			buildSettings = {
				CODE_SIGN_STYLE = Automatic;
				COMBINE_HIDPI_IMAGES = YES;
				INFOPLIST_FILE = decodeStrUITests/Info.plist;
				LD_RUNPATH_SEARCH_PATHS = (
					"$(inherited)",
					"@executable_path/../Frameworks",
					"@loader_path/../Frameworks",
				);
				PRODUCT_BUNDLE_IDENTIFIER = test.decodeStrUITests;
				PRODUCT_NAME = "$(TARGET_NAME)";
				TEST_TARGET_NAME = decodeStr;
			};
			name = Release;
		};
/* End XCBuildConfiguration section */

/* Begin XCConfigurationList section */
		499EC3E7223F8E5C00082423 /* Build configuration list for PBXProject "decodeStr" */ = {
			isa = XCConfigurationList;
			buildConfigurations = (
				499EC414223F8E5D00082423 /* Debug */,
				499EC415223F8E5D00082423 /* Release */,
			);
			defaultConfigurationIsVisible = 0;
			defaultConfigurationName = Release;
		};
		499EC416223F8E5D00082423 /* Build configuration list for PBXNativeTarget "decodeStr" */ = {
			isa = XCConfigurationList;
			buildConfigurations = (
				499EC417223F8E5D00082423 /* Debug */,
				499EC418223F8E5D00082423 /* Release */,
			);
			defaultConfigurationIsVisible = 0;
			defaultConfigurationName = Release;
		};
		499EC419223F8E5D00082423 /* Build configuration list for PBXNativeTarget "decodeStrTests" */ = {
			isa = XCConfigurationList;
			buildConfigurations = (
				499EC41A223F8E5D00082423 /* Debug */,
				499EC41B223F8E5D00082423 /* Release */,
			);
			defaultConfigurationIsVisible = 0;
			defaultConfigurationName = Release;
		};
		499EC41C223F8E5D00082423 /* Build configuration list for PBXNativeTarget "decodeStrUITests" */ = {
			isa = XCConfigurationList;
			buildConfigurations = (
				499EC41D223F8E5D00082423 /* Debug */,
				499EC41E223F8E5D00082423 /* Release */,
			);
			defaultConfigurationIsVisible = 0;
			defaultConfigurationName = Release;
		};
/* End XCConfigurationList section */
	};
	rootObject = 499EC3E4223F8E5C00082423 /* Project object */;
}
